
Microsoft Visual Studio Solution File, Format Version 12.00
# Visual Studio Version 18
VisualStudioVersion = 18.0.11116.177
MinimumVisualStudioVersion = 10.0.40219.1
Project("{FAE04EC0-301F-11D3-BF4B-00C04F79EFBC}") = "WinApp.Cli", "WinApp.Cli\WinApp.Cli.csproj", "{8DE42773-A145-955A-960A-1AF25048E084}"
EndProject
Project("{FAE04EC0-301F-11D3-BF4B-00C04F79EFBC}") = "WinApp.Cli.Tests", "WinApp.Cli.Tests\WinApp.Cli.Tests.csproj", "{F50B2679-8DAB-405E-9F69-E9877FB0A267}"
EndProject
Project("{2150E333-8FDC-42A3-9474-1A3956D46DE8}") = "Solution Items", "Solution Items", "{02EA681E-C7D8-13C7-8484-4AC65E1B71E8}"
	ProjectSection(SolutionItems) = preProject
		.editorconfig = .editorconfig
		Directory.Packages.props = Directory.Packages.props
	EndProjectSection
EndProject
Project("{FAE04EC0-301F-11D3-BF4B-00C04F79EFBC}") = "Microsoft.WindowsAppSDK.Analyzers", "..\winapp-Analyzer\Microsoft.WindowsAppSDK.Analyzers\Microsoft.WindowsAppSDK.Analyzers.csproj", "{23DF36BD-F6FC-4D81-B21F-15A205B8B518}"
EndProject
Project("{FAE04EC0-301F-11D3-BF4B-00C04F79EFBC}") = "Microsoft.WindowsAppSDK.Analyzers.Tests", "..\winapp-Analyzer\Microsoft.WindowsAppSDK.Analyzers.Tests\Microsoft.WindowsAppSDK.Analyzers.Tests.csproj", "{DEC16063-98B6-469A-917C-0FE1A66D897A}"
EndProject
Project("{FAE04EC0-301F-11D3-BF4B-00C04F79EFBC}") = "WinApp.Cli.Fuzz", "WinApp.Cli.Fuzz\WinApp.Cli.Fuzz.csproj", "{9424B3C6-A8EE-4542-AAF2-3F21FDFA746D}"
EndProject
Project("{FAE04EC0-301F-11D3-BF4B-00C04F79EFBC}") = "WinApp.UIAutomation", "WinApp.UIAutomation\WinApp.UIAutomation.csproj", "{B0228986-7FB7-40F5-9B49-6D3AF3668FCA}"
EndProject
Project("{FAE04EC0-301F-11D3-BF4B-00C04F79EFBC}") = "WinApp.UIAutomation.TestSupport", "WinApp.UIAutomation.TestSupport\WinApp.UIAutomation.TestSupport.csproj", "{1F0F1F5D-D3D7-464D-A176-516C575B79EC}"
EndProject
Project("{FAE04EC0-301F-11D3-BF4B-00C04F79EFBC}") = "WinApp.UIAutomation.Tests", "WinApp.UIAutomation.Tests\WinApp.UIAutomation.Tests.csproj", "{58C9F9BF-17A1-4B4D-903C-BFCB7F5F9FD2}"
EndProject
Project("{FAE04EC0-301F-11D3-BF4B-00C04F79EFBC}") = "WinApp.UIAutomation.Recording", "WinApp.UIAutomation.Recording\WinApp.UIAutomation.Recording.csproj", "{CF2CDA30-CD93-4AD5-A7B0-F9883BFF468A}"
EndProject
Project("{FAE04EC0-301F-11D3-BF4B-00C04F79EFBC}") = "WinApp.Cli.SnapshotBaker", "WinApp.Cli.SnapshotBaker\WinApp.Cli.SnapshotBaker.csproj", "{A496B3C5-1096-4191-B479-99108C6B3CA9}"
EndProject
Global
	GlobalSection(SolutionConfigurationPlatforms) = preSolution
		Debug|Any CPU = Debug|Any CPU
		Debug|x64 = Debug|x64
		Debug|x86 = Debug|x86
		Release|Any CPU = Release|Any CPU
		Release|x64 = Release|x64
		Release|x86 = Release|x86
	EndGlobalSection
	GlobalSection(ProjectConfigurationPlatforms) = postSolution
		{8DE42773-A145-955A-960A-1AF25048E084}.Debug|Any CPU.ActiveCfg = Debug|Any CPU
		{8DE42773-A145-955A-960A-1AF25048E084}.Debug|Any CPU.Build.0 = Debug|Any CPU
		{8DE42773-A145-955A-960A-1AF25048E084}.Debug|x64.ActiveCfg = Debug|Any CPU
		{8DE42773-A145-955A-960A-1AF25048E084}.Debug|x64.Build.0 = Debug|Any CPU
		{8DE42773-A145-955A-960A-1AF25048E084}.Debug|x86.ActiveCfg = Debug|Any CPU
		{8DE42773-A145-955A-960A-1AF25048E084}.Debug|x86.Build.0 = Debug|Any CPU
		{8DE42773-A145-955A-960A-1AF25048E084}.Release|Any CPU.ActiveCfg = Release|Any CPU
		{8DE42773-A145-955A-960A-1AF25048E084}.Release|Any CPU.Build.0 = Release|Any CPU
		{8DE42773-A145-955A-960A-1AF25048E084}.Release|x64.ActiveCfg = Release|Any CPU
		{8DE42773-A145-955A-960A-1AF25048E084}.Release|x64.Build.0 = Release|Any CPU
		{8DE42773-A145-955A-960A-1AF25048E084}.Release|x86.ActiveCfg = Release|Any CPU
		{8DE42773-A145-955A-960A-1AF25048E084}.Release|x86.Build.0 = Release|Any CPU
		{F50B2679-8DAB-405E-9F69-E9877FB0A267}.Debug|Any CPU.ActiveCfg = Debug|Any CPU
		{F50B2679-8DAB-405E-9F69-E9877FB0A267}.Debug|Any CPU.Build.0 = Debug|Any CPU
		{F50B2679-8DAB-405E-9F69-E9877FB0A267}.Debug|x64.ActiveCfg = Debug|Any CPU
		{F50B2679-8DAB-405E-9F69-E9877FB0A267}.Debug|x64.Build.0 = Debug|Any CPU
		{F50B2679-8DAB-405E-9F69-E9877FB0A267}.Debug|x86.ActiveCfg = Debug|Any CPU
		{F50B2679-8DAB-405E-9F69-E9877FB0A267}.Debug|x86.Build.0 = Debug|Any CPU
		{F50B2679-8DAB-405E-9F69-E9877FB0A267}.Release|Any CPU.ActiveCfg = Release|Any CPU
		{F50B2679-8DAB-405E-9F69-E9877FB0A267}.Release|Any CPU.Build.0 = Release|Any CPU
		{F50B2679-8DAB-405E-9F69-E9877FB0A267}.Release|x64.ActiveCfg = Release|Any CPU
		{F50B2679-8DAB-405E-9F69-E9877FB0A267}.Release|x64.Build.0 = Release|Any CPU
		{F50B2679-8DAB-405E-9F69-E9877FB0A267}.Release|x86.ActiveCfg = Release|Any CPU
		{F50B2679-8DAB-405E-9F69-E9877FB0A267}.Release|x86.Build.0 = Release|Any CPU
		{23DF36BD-F6FC-4D81-B21F-15A205B8B518}.Debug|Any CPU.ActiveCfg = Debug|Any CPU
		{23DF36BD-F6FC-4D81-B21F-15A205B8B518}.Debug|Any CPU.Build.0 = Debug|Any CPU
		{23DF36BD-F6FC-4D81-B21F-15A205B8B518}.Debug|x64.ActiveCfg = Debug|Any CPU
		{23DF36BD-F6FC-4D81-B21F-15A205B8B518}.Debug|x64.Build.0 = Debug|Any CPU
		{23DF36BD-F6FC-4D81-B21F-15A205B8B518}.Debug|x86.ActiveCfg = Debug|Any CPU
		{23DF36BD-F6FC-4D81-B21F-15A205B8B518}.Debug|x86.Build.0 = Debug|Any CPU
		{23DF36BD-F6FC-4D81-B21F-15A205B8B518}.Release|Any CPU.ActiveCfg = Release|Any CPU
		{23DF36BD-F6FC-4D81-B21F-15A205B8B518}.Release|Any CPU.Build.0 = Release|Any CPU
		{23DF36BD-F6FC-4D81-B21F-15A205B8B518}.Release|x64.ActiveCfg = Release|Any CPU
		{23DF36BD-F6FC-4D81-B21F-15A205B8B518}.Release|x64.Build.0 = Release|Any CPU
		{23DF36BD-F6FC-4D81-B21F-15A205B8B518}.Release|x86.ActiveCfg = Release|Any CPU
		{23DF36BD-F6FC-4D81-B21F-15A205B8B518}.Release|x86.Build.0 = Release|Any CPU
		{DEC16063-98B6-469A-917C-0FE1A66D897A}.Debug|Any CPU.ActiveCfg = Debug|Any CPU
		{DEC16063-98B6-469A-917C-0FE1A66D897A}.Debug|Any CPU.Build.0 = Debug|Any CPU
		{DEC16063-98B6-469A-917C-0FE1A66D897A}.Debug|x64.ActiveCfg = Debug|Any CPU
		{DEC16063-98B6-469A-917C-0FE1A66D897A}.Debug|x64.Build.0 = Debug|Any CPU
		{DEC16063-98B6-469A-917C-0FE1A66D897A}.Debug|x86.ActiveCfg = Debug|Any CPU
		{DEC16063-98B6-469A-917C-0FE1A66D897A}.Debug|x86.Build.0 = Debug|Any CPU
		{DEC16063-98B6-469A-917C-0FE1A66D897A}.Release|Any CPU.ActiveCfg = Release|Any CPU
		{DEC16063-98B6-469A-917C-0FE1A66D897A}.Release|Any CPU.Build.0 = Release|Any CPU
		{DEC16063-98B6-469A-917C-0FE1A66D897A}.Release|x64.ActiveCfg = Release|Any CPU
		{DEC16063-98B6-469A-917C-0FE1A66D897A}.Release|x64.Build.0 = Release|Any CPU
		{DEC16063-98B6-469A-917C-0FE1A66D897A}.Release|x86.ActiveCfg = Release|Any CPU
		{DEC16063-98B6-469A-917C-0FE1A66D897A}.Release|x86.Build.0 = Release|Any CPU
		{9424B3C6-A8EE-4542-AAF2-3F21FDFA746D}.Debug|Any CPU.ActiveCfg = Debug|Any CPU
		{9424B3C6-A8EE-4542-AAF2-3F21FDFA746D}.Debug|Any CPU.Build.0 = Debug|Any CPU
		{9424B3C6-A8EE-4542-AAF2-3F21FDFA746D}.Debug|x64.ActiveCfg = Debug|Any CPU
		{9424B3C6-A8EE-4542-AAF2-3F21FDFA746D}.Debug|x64.Build.0 = Debug|Any CPU
		{9424B3C6-A8EE-4542-AAF2-3F21FDFA746D}.Debug|x86.ActiveCfg = Debug|Any CPU
		{9424B3C6-A8EE-4542-AAF2-3F21FDFA746D}.Debug|x86.Build.0 = Debug|Any CPU
		{9424B3C6-A8EE-4542-AAF2-3F21FDFA746D}.Release|Any CPU.ActiveCfg = Release|Any CPU
		{9424B3C6-A8EE-4542-AAF2-3F21FDFA746D}.Release|Any CPU.Build.0 = Release|Any CPU
		{9424B3C6-A8EE-4542-AAF2-3F21FDFA746D}.Release|x64.ActiveCfg = Release|Any CPU
		{9424B3C6-A8EE-4542-AAF2-3F21FDFA746D}.Release|x64.Build.0 = Release|Any CPU
		{9424B3C6-A8EE-4542-AAF2-3F21FDFA746D}.Release|x86.ActiveCfg = Release|Any CPU
		{9424B3C6-A8EE-4542-AAF2-3F21FDFA746D}.Release|x86.Build.0 = Release|Any CPU
		{B0228986-7FB7-40F5-9B49-6D3AF3668FCA}.Debug|Any CPU.ActiveCfg = Debug|Any CPU
		{B0228986-7FB7-40F5-9B49-6D3AF3668FCA}.Debug|Any CPU.Build.0 = Debug|Any CPU
		{B0228986-7FB7-40F5-9B49-6D3AF3668FCA}.Debug|x64.ActiveCfg = Debug|Any CPU
		{B0228986-7FB7-40F5-9B49-6D3AF3668FCA}.Debug|x64.Build.0 = Debug|Any CPU
		{B0228986-7FB7-40F5-9B49-6D3AF3668FCA}.Debug|x86.ActiveCfg = Debug|Any CPU
		{B0228986-7FB7-40F5-9B49-6D3AF3668FCA}.Debug|x86.Build.0 = Debug|Any CPU
		{B0228986-7FB7-40F5-9B49-6D3AF3668FCA}.Release|Any CPU.ActiveCfg = Release|Any CPU
		{B0228986-7FB7-40F5-9B49-6D3AF3668FCA}.Release|Any CPU.Build.0 = Release|Any CPU
		{B0228986-7FB7-40F5-9B49-6D3AF3668FCA}.Release|x64.ActiveCfg = Release|Any CPU
		{B0228986-7FB7-40F5-9B49-6D3AF3668FCA}.Release|x64.Build.0 = Release|Any CPU
		{B0228986-7FB7-40F5-9B49-6D3AF3668FCA}.Release|x86.ActiveCfg = Release|Any CPU
		{B0228986-7FB7-40F5-9B49-6D3AF3668FCA}.Release|x86.Build.0 = Release|Any CPU
		{1F0F1F5D-D3D7-464D-A176-516C575B79EC}.Debug|Any CPU.ActiveCfg = Debug|Any CPU
		{1F0F1F5D-D3D7-464D-A176-516C575B79EC}.Debug|Any CPU.Build.0 = Debug|Any CPU
		{1F0F1F5D-D3D7-464D-A176-516C575B79EC}.Debug|x64.ActiveCfg = Debug|Any CPU
		{1F0F1F5D-D3D7-464D-A176-516C575B79EC}.Debug|x64.Build.0 = Debug|Any CPU
		{1F0F1F5D-D3D7-464D-A176-516C575B79EC}.Debug|x86.ActiveCfg = Debug|Any CPU
		{1F0F1F5D-D3D7-464D-A176-516C575B79EC}.Debug|x86.Build.0 = Debug|Any CPU
		{1F0F1F5D-D3D7-464D-A176-516C575B79EC}.Release|Any CPU.ActiveCfg = Release|Any CPU
		{1F0F1F5D-D3D7-464D-A176-516C575B79EC}.Release|Any CPU.Build.0 = Release|Any CPU
		{1F0F1F5D-D3D7-464D-A176-516C575B79EC}.Release|x64.ActiveCfg = Release|Any CPU
		{1F0F1F5D-D3D7-464D-A176-516C575B79EC}.Release|x64.Build.0 = Release|Any CPU
		{1F0F1F5D-D3D7-464D-A176-516C575B79EC}.Release|x86.ActiveCfg = Release|Any CPU
		{1F0F1F5D-D3D7-464D-A176-516C575B79EC}.Release|x86.Build.0 = Release|Any CPU
		{58C9F9BF-17A1-4B4D-903C-BFCB7F5F9FD2}.Debug|Any CPU.ActiveCfg = Debug|Any CPU
		{58C9F9BF-17A1-4B4D-903C-BFCB7F5F9FD2}.Debug|Any CPU.Build.0 = Debug|Any CPU
		{58C9F9BF-17A1-4B4D-903C-BFCB7F5F9FD2}.Debug|x64.ActiveCfg = Debug|Any CPU
		{58C9F9BF-17A1-4B4D-903C-BFCB7F5F9FD2}.Debug|x64.Build.0 = Debug|Any CPU
		{58C9F9BF-17A1-4B4D-903C-BFCB7F5F9FD2}.Debug|x86.ActiveCfg = Debug|Any CPU
		{58C9F9BF-17A1-4B4D-903C-BFCB7F5F9FD2}.Debug|x86.Build.0 = Debug|Any CPU
		{58C9F9BF-17A1-4B4D-903C-BFCB7F5F9FD2}.Release|Any CPU.ActiveCfg = Release|Any CPU
		{58C9F9BF-17A1-4B4D-903C-BFCB7F5F9FD2}.Release|Any CPU.Build.0 = Release|Any CPU
		{58C9F9BF-17A1-4B4D-903C-BFCB7F5F9FD2}.Release|x64.ActiveCfg = Release|Any CPU
		{58C9F9BF-17A1-4B4D-903C-BFCB7F5F9FD2}.Release|x64.Build.0 = Release|Any CPU
		{58C9F9BF-17A1-4B4D-903C-BFCB7F5F9FD2}.Release|x86.ActiveCfg = Release|Any CPU
		{58C9F9BF-17A1-4B4D-903C-BFCB7F5F9FD2}.Release|x86.Build.0 = Release|Any CPU
		{CF2CDA30-CD93-4AD5-A7B0-F9883BFF468A}.Debug|Any CPU.ActiveCfg = Debug|Any CPU
		{CF2CDA30-CD93-4AD5-A7B0-F9883BFF468A}.Debug|Any CPU.Build.0 = Debug|Any CPU
		{CF2CDA30-CD93-4AD5-A7B0-F9883BFF468A}.Debug|x64.ActiveCfg = Debug|Any CPU
		{CF2CDA30-CD93-4AD5-A7B0-F9883BFF468A}.Debug|x64.Build.0 = Debug|Any CPU
		{CF2CDA30-CD93-4AD5-A7B0-F9883BFF468A}.Debug|x86.ActiveCfg = Debug|Any CPU
		{CF2CDA30-CD93-4AD5-A7B0-F9883BFF468A}.Debug|x86.Build.0 = Debug|Any CPU
		{CF2CDA30-CD93-4AD5-A7B0-F9883BFF468A}.Release|Any CPU.ActiveCfg = Release|Any CPU
		{CF2CDA30-CD93-4AD5-A7B0-F9883BFF468A}.Release|Any CPU.Build.0 = Release|Any CPU
		{CF2CDA30-CD93-4AD5-A7B0-F9883BFF468A}.Release|x64.ActiveCfg = Release|Any CPU
		{CF2CDA30-CD93-4AD5-A7B0-F9883BFF468A}.Release|x64.Build.0 = Release|Any CPU
		{CF2CDA30-CD93-4AD5-A7B0-F9883BFF468A}.Release|x86.ActiveCfg = Release|Any CPU
		{CF2CDA30-CD93-4AD5-A7B0-F9883BFF468A}.Release|x86.Build.0 = Release|Any CPU
		{A496B3C5-1096-4191-B479-99108C6B3CA9}.Debug|Any CPU.ActiveCfg = Debug|Any CPU
		{A496B3C5-1096-4191-B479-99108C6B3CA9}.Debug|Any CPU.Build.0 = Debug|Any CPU
		{A496B3C5-1096-4191-B479-99108C6B3CA9}.Debug|x64.ActiveCfg = Debug|Any CPU
		{A496B3C5-1096-4191-B479-99108C6B3CA9}.Debug|x64.Build.0 = Debug|Any CPU
		{A496B3C5-1096-4191-B479-99108C6B3CA9}.Debug|x86.ActiveCfg = Debug|Any CPU
		{A496B3C5-1096-4191-B479-99108C6B3CA9}.Debug|x86.Build.0 = Debug|Any CPU
		{A496B3C5-1096-4191-B479-99108C6B3CA9}.Release|Any CPU.ActiveCfg = Release|Any CPU
		{A496B3C5-1096-4191-B479-99108C6B3CA9}.Release|Any CPU.Build.0 = Release|Any CPU
		{A496B3C5-1096-4191-B479-99108C6B3CA9}.Release|x64.ActiveCfg = Release|Any CPU
		{A496B3C5-1096-4191-B479-99108C6B3CA9}.Release|x64.Build.0 = Release|Any CPU
		{A496B3C5-1096-4191-B479-99108C6B3CA9}.Release|x86.ActiveCfg = Release|Any CPU
		{A496B3C5-1096-4191-B479-99108C6B3CA9}.Release|x86.Build.0 = Release|Any CPU
	EndGlobalSection
	GlobalSection(SolutionProperties) = preSolution
		HideSolutionNode = FALSE
	EndGlobalSection
	GlobalSection(ExtensibilityGlobals) = postSolution
		SolutionGuid = {10327D2E-5B81-4E5F-8B42-E7C122180DD6}
	EndGlobalSection
EndGlobal
