
Microsoft Visual Studio Solution File, Format Version 12.00
# Visual Studio Version 18
VisualStudioVersion = 18.0.11116.177
MinimumVisualStudioVersion = 10.0.40219.1
Project("{FAE04EC0-301F-11D3-BF4B-00C04F79EFBC}") = "WinApp.Cli", "WinApp.Cli\WinApp.Cli.csproj", "{8DE42773-A145-955A-960A-1AF25048E084}"
EndProject
Project("{FAE04EC0-301F-11D3-BF4B-00C04F79EFBC}") = "WinApp.Cli.Tests", "WinApp.Cli.Tests\WinApp.Cli.Tests.csproj", "{F50B2679-8DAB-405E-9F69-E9877FB0A267}"
EndProject
Project("{2150E333-8FDC-42A3-9474-1A3956D46DE8}") = "Solution Items", "Solution Items", "{02EA681E-C7D8-13C7-8484-4AC65E1B71E8}"
	ProjectSection(SolutionItems) = preProject
		.editorconfig = .editorconfig
		Directory.Packages.props = Directory.Packages.props
	EndProjectSection
EndProject
Project("{FAE04EC0-301F-11D3-BF4B-00C04F79EFBC}") = "Microsoft.WindowsAppSDK.Analyzers", "..\winapp-Analyzer\Microsoft.WindowsAppSDK.Analyzers\Microsoft.WindowsAppSDK.Analyzers.csproj", "{23DF36BD-F6FC-4D81-B21F-15A205B8B518}"
EndProject
Project("{FAE04EC0-301F-11D3-BF4B-00C04F79EFBC}") = "Microsoft.WindowsAppSDK.Analyzers.Driver", "..\winapp-Analyzer\Microsoft.WindowsAppSDK.Analyzers.Driver\Microsoft.WindowsAppSDK.Analyzers.Driver.csproj", "{401115C0-F29A-4C5C-982C-FE51D2D69E65}"
EndProject
Project("{FAE04EC0-301F-11D3-BF4B-00C04F79EFBC}") = "Microsoft.WindowsAppSDK.Analyzers.Tests", "..\winapp-Analyzer\Microsoft.WindowsAppSDK.Analyzers.Tests\Microsoft.WindowsAppSDK.Analyzers.Tests.csproj", "{DEC16063-98B6-469A-917C-0FE1A66D897A}"
EndProject
Project("{FAE04EC0-301F-11D3-BF4B-00C04F79EFBC}") = "WinApp.Cli.Fuzz", "WinApp.Cli.Fuzz\WinApp.Cli.Fuzz.csproj", "{9424B3C6-A8EE-4542-AAF2-3F21FDFA746D}"
EndProject
Global
	GlobalSection(SolutionConfigurationPlatforms) = preSolution
		Debug|Any CPU = Debug|Any CPU
		Debug|x64 = Debug|x64
		Debug|x86 = Debug|x86
		Release|Any CPU = Release|Any CPU
		Release|x64 = Release|x64
		Release|x86 = Release|x86
	EndGlobalSection
	GlobalSection(ProjectConfigurationPlatforms) = postSolution
		{8DE42773-A145-955A-960A-1AF25048E084}.Debug|Any CPU.ActiveCfg = Debug|Any CPU
		{8DE42773-A145-955A-960A-1AF25048E084}.Debug|Any CPU.Build.0 = Debug|Any CPU
		{8DE42773-A145-955A-960A-1AF25048E084}.Debug|x64.ActiveCfg = Debug|Any CPU
		{8DE42773-A145-955A-960A-1AF25048E084}.Debug|x64.Build.0 = Debug|Any CPU
		{8DE42773-A145-955A-960A-1AF25048E084}.Debug|x86.ActiveCfg = Debug|Any CPU
		{8DE42773-A145-955A-960A-1AF25048E084}.Debug|x86.Build.0 = Debug|Any CPU
		{8DE42773-A145-955A-960A-1AF25048E084}.Release|Any CPU.ActiveCfg = Release|Any CPU
		{8DE42773-A145-955A-960A-1AF25048E084}.Release|Any CPU.Build.0 = Release|Any CPU
		{8DE42773-A145-955A-960A-1AF25048E084}.Release|x64.ActiveCfg = Release|Any CPU
		{8DE42773-A145-955A-960A-1AF25048E084}.Release|x64.Build.0 = Release|Any CPU
		{8DE42773-A145-955A-960A-1AF25048E084}.Release|x86.ActiveCfg = Release|Any CPU
		{8DE42773-A145-955A-960A-1AF25048E084}.Release|x86.Build.0 = Release|Any CPU
		{F50B2679-8DAB-405E-9F69-E9877FB0A267}.Debug|Any CPU.ActiveCfg = Debug|Any CPU
		{F50B2679-8DAB-405E-9F69-E9877FB0A267}.Debug|Any CPU.Build.0 = Debug|Any CPU
		{F50B2679-8DAB-405E-9F69-E9877FB0A267}.Debug|x64.ActiveCfg = Debug|Any CPU
		{F50B2679-8DAB-405E-9F69-E9877FB0A267}.Debug|x64.Build.0 = Debug|Any CPU
		{F50B2679-8DAB-405E-9F69-E9877FB0A267}.Debug|x86.ActiveCfg = Debug|Any CPU
		{F50B2679-8DAB-405E-9F69-E9877FB0A267}.Debug|x86.Build.0 = Debug|Any CPU
		{F50B2679-8DAB-405E-9F69-E9877FB0A267}.Release|Any CPU.ActiveCfg = Release|Any CPU
		{F50B2679-8DAB-405E-9F69-E9877FB0A267}.Release|Any CPU.Build.0 = Release|Any CPU
		{F50B2679-8DAB-405E-9F69-E9877FB0A267}.Release|x64.ActiveCfg = Release|Any CPU
		{F50B2679-8DAB-405E-9F69-E9877FB0A267}.Release|x64.Build.0 = Release|Any CPU
		{F50B2679-8DAB-405E-9F69-E9877FB0A267}.Release|x86.ActiveCfg = Release|Any CPU
		{F50B2679-8DAB-405E-9F69-E9877FB0A267}.Release|x86.Build.0 = Release|Any CPU
		{23DF36BD-F6FC-4D81-B21F-15A205B8B518}.Debug|Any CPU.ActiveCfg = Debug|Any CPU
		{23DF36BD-F6FC-4D81-B21F-15A205B8B518}.Debug|Any CPU.Build.0 = Debug|Any CPU
		{23DF36BD-F6FC-4D81-B21F-15A205B8B518}.Debug|x64.ActiveCfg = Debug|Any CPU
		{23DF36BD-F6FC-4D81-B21F-15A205B8B518}.Debug|x64.Build.0 = Debug|Any CPU
		{23DF36BD-F6FC-4D81-B21F-15A205B8B518}.Debug|x86.ActiveCfg = Debug|Any CPU
		{23DF36BD-F6FC-4D81-B21F-15A205B8B518}.Debug|x86.Build.0 = Debug|Any CPU
		{23DF36BD-F6FC-4D81-B21F-15A205B8B518}.Release|Any CPU.ActiveCfg = Release|Any CPU
		{23DF36BD-F6FC-4D81-B21F-15A205B8B518}.Release|Any CPU.Build.0 = Release|Any CPU
		{23DF36BD-F6FC-4D81-B21F-15A205B8B518}.Release|x64.ActiveCfg = Release|Any CPU
		{23DF36BD-F6FC-4D81-B21F-15A205B8B518}.Release|x64.Build.0 = Release|Any CPU
		{23DF36BD-F6FC-4D81-B21F-15A205B8B518}.Release|x86.ActiveCfg = Release|Any CPU
		{23DF36BD-F6FC-4D81-B21F-15A205B8B518}.Release|x86.Build.0 = Release|Any CPU
		{401115C0-F29A-4C5C-982C-FE51D2D69E65}.Debug|Any CPU.ActiveCfg = Debug|Any CPU
		{401115C0-F29A-4C5C-982C-FE51D2D69E65}.Debug|Any CPU.Build.0 = Debug|Any CPU
		{401115C0-F29A-4C5C-982C-FE51D2D69E65}.Debug|x64.ActiveCfg = Debug|Any CPU
		{401115C0-F29A-4C5C-982C-FE51D2D69E65}.Debug|x64.Build.0 = Debug|Any CPU
		{401115C0-F29A-4C5C-982C-FE51D2D69E65}.Debug|x86.ActiveCfg = Debug|Any CPU
		{401115C0-F29A-4C5C-982C-FE51D2D69E65}.Debug|x86.Build.0 = Debug|Any CPU
		{401115C0-F29A-4C5C-982C-FE51D2D69E65}.Release|Any CPU.ActiveCfg = Release|Any CPU
		{401115C0-F29A-4C5C-982C-FE51D2D69E65}.Release|Any CPU.Build.0 = Release|Any CPU
		{401115C0-F29A-4C5C-982C-FE51D2D69E65}.Release|x64.ActiveCfg = Release|Any CPU
		{401115C0-F29A-4C5C-982C-FE51D2D69E65}.Release|x64.Build.0 = Release|Any CPU
		{401115C0-F29A-4C5C-982C-FE51D2D69E65}.Release|x86.ActiveCfg = Release|Any CPU
		{401115C0-F29A-4C5C-982C-FE51D2D69E65}.Release|x86.Build.0 = Release|Any CPU
		{DEC16063-98B6-469A-917C-0FE1A66D897A}.Debug|Any CPU.ActiveCfg = Debug|Any CPU
		{DEC16063-98B6-469A-917C-0FE1A66D897A}.Debug|Any CPU.Build.0 = Debug|Any CPU
		{DEC16063-98B6-469A-917C-0FE1A66D897A}.Debug|x64.ActiveCfg = Debug|Any CPU
		{DEC16063-98B6-469A-917C-0FE1A66D897A}.Debug|x64.Build.0 = Debug|Any CPU
		{DEC16063-98B6-469A-917C-0FE1A66D897A}.Debug|x86.ActiveCfg = Debug|Any CPU
		{DEC16063-98B6-469A-917C-0FE1A66D897A}.Debug|x86.Build.0 = Debug|Any CPU
		{DEC16063-98B6-469A-917C-0FE1A66D897A}.Release|Any CPU.ActiveCfg = Release|Any CPU
		{DEC16063-98B6-469A-917C-0FE1A66D897A}.Release|Any CPU.Build.0 = Release|Any CPU
		{DEC16063-98B6-469A-917C-0FE1A66D897A}.Release|x64.ActiveCfg = Release|Any CPU
		{DEC16063-98B6-469A-917C-0FE1A66D897A}.Release|x64.Build.0 = Release|Any CPU
		{DEC16063-98B6-469A-917C-0FE1A66D897A}.Release|x86.ActiveCfg = Release|Any CPU
		{DEC16063-98B6-469A-917C-0FE1A66D897A}.Release|x86.Build.0 = Release|Any CPU
		{9424B3C6-A8EE-4542-AAF2-3F21FDFA746D}.Debug|Any CPU.ActiveCfg = Debug|Any CPU
		{9424B3C6-A8EE-4542-AAF2-3F21FDFA746D}.Debug|Any CPU.Build.0 = Debug|Any CPU
		{9424B3C6-A8EE-4542-AAF2-3F21FDFA746D}.Debug|x64.ActiveCfg = Debug|Any CPU
		{9424B3C6-A8EE-4542-AAF2-3F21FDFA746D}.Debug|x64.Build.0 = Debug|Any CPU
		{9424B3C6-A8EE-4542-AAF2-3F21FDFA746D}.Debug|x86.ActiveCfg = Debug|Any CPU
		{9424B3C6-A8EE-4542-AAF2-3F21FDFA746D}.Debug|x86.Build.0 = Debug|Any CPU
		{9424B3C6-A8EE-4542-AAF2-3F21FDFA746D}.Release|Any CPU.ActiveCfg = Release|Any CPU
		{9424B3C6-A8EE-4542-AAF2-3F21FDFA746D}.Release|Any CPU.Build.0 = Release|Any CPU
		{9424B3C6-A8EE-4542-AAF2-3F21FDFA746D}.Release|x64.ActiveCfg = Release|Any CPU
		{9424B3C6-A8EE-4542-AAF2-3F21FDFA746D}.Release|x64.Build.0 = Release|Any CPU
		{9424B3C6-A8EE-4542-AAF2-3F21FDFA746D}.Release|x86.ActiveCfg = Release|Any CPU
		{9424B3C6-A8EE-4542-AAF2-3F21FDFA746D}.Release|x86.Build.0 = Release|Any CPU
	EndGlobalSection
	GlobalSection(SolutionProperties) = preSolution
		HideSolutionNode = FALSE
	EndGlobalSection
	GlobalSection(ExtensibilityGlobals) = postSolution
		SolutionGuid = {10327D2E-5B81-4E5F-8B42-E7C122180DD6}
	EndGlobalSection
EndGlobal
