{
  "name": "@microsoft/winappcli",
  "version": "1.0.0",
  "lockfileVersion": 3,
  "requires": true,
  "packages": {
    "": {
      "name": "@microsoft/winappcli",
      "version": "1.0.0",
      "hasInstallScript": true,
      "license": "MIT",
      "os": [
        "win32"
      ],
      "bin": {
        "winapp": "cli.js"
      },
      "devDependencies": {},
      "engines": {
        "node": ">=14.0.0"
      }
    }
  }
}
